
Microsoft Visual Studio Solution File, Format Version 12.00
# Visual Studio 15
VisualStudioVersion = 15.0.27004.2006
MinimumVisualStudioVersion = 10.0.40219.1
Project("{FAE04EC0-301F-11D3-BF4B-00C04F79EFBC}") = "BattleRiteApi", "BattleRiteApi\BattleRiteApi.csproj", "{064DA483-D219-4E0D-854E-9C265E32BC07}"
EndProject
Project("{FAE04EC0-301F-11D3-BF4B-00C04F79EFBC}") = "BattleRiteApiExample", "BattleRiteApiExample\BattleRiteApiExample.csproj", "{2E16269D-ED8E-42C5-8D02-8F9E1DD5D071}"
EndProject
Project("{FAE04EC0-301F-11D3-BF4B-00C04F79EFBC}") = "BattleRiteApiTests", "BattleRiteApiTests\BattleRiteApiTests.csproj", "{ED9A5712-4165-4A44-898B-E04403C5854D}"
EndProject
Global
	GlobalSection(SolutionConfigurationPlatforms) = preSolution
		Debug|Any CPU = Debug|Any CPU
		Release|Any CPU = Release|Any CPU
	EndGlobalSection
	GlobalSection(ProjectConfigurationPlatforms) = postSolution
		{064DA483-D219-4E0D-854E-9C265E32BC07}.Debug|Any CPU.ActiveCfg = Debug|Any CPU
		{064DA483-D219-4E0D-854E-9C265E32BC07}.Debug|Any CPU.Build.0 = Debug|Any CPU
		{064DA483-D219-4E0D-854E-9C265E32BC07}.Release|Any CPU.ActiveCfg = Release|Any CPU
		{064DA483-D219-4E0D-854E-9C265E32BC07}.Release|Any CPU.Build.0 = Release|Any CPU
		{2E16269D-ED8E-42C5-8D02-8F9E1DD5D071}.Debug|Any CPU.ActiveCfg = Debug|Any CPU
		{2E16269D-ED8E-42C5-8D02-8F9E1DD5D071}.Debug|Any CPU.Build.0 = Debug|Any CPU
		{2E16269D-ED8E-42C5-8D02-8F9E1DD5D071}.Release|Any CPU.ActiveCfg = Release|Any CPU
		{2E16269D-ED8E-42C5-8D02-8F9E1DD5D071}.Release|Any CPU.Build.0 = Release|Any CPU
		{ED9A5712-4165-4A44-898B-E04403C5854D}.Debug|Any CPU.ActiveCfg = Debug|Any CPU
		{ED9A5712-4165-4A44-898B-E04403C5854D}.Debug|Any CPU.Build.0 = Debug|Any CPU
		{ED9A5712-4165-4A44-898B-E04403C5854D}.Release|Any CPU.ActiveCfg = Release|Any CPU
		{ED9A5712-4165-4A44-898B-E04403C5854D}.Release|Any CPU.Build.0 = Release|Any CPU
	EndGlobalSection
	GlobalSection(SolutionProperties) = preSolution
		HideSolutionNode = FALSE
	EndGlobalSection
	GlobalSection(ExtensibilityGlobals) = postSolution
		SolutionGuid = {2166A4DB-E4B8-4656-B681-B33976987985}
	EndGlobalSection
EndGlobal
